
Microsoft Visual Studio Solution File, Format Version 12.00
# Visual Studio Version 17
VisualStudioVersion = 17.10.34916.146
MinimumVisualStudioVersion = 10.0.40219.1
Project("{FAE04EC0-301F-11D3-BF4B-00C04F79EFBC}") = "mslab7", "mslab7\mslab7.csproj", "{AD911DEB-055D-42BD-8A89-B05ACA34552A}"
EndProject
Global
	GlobalSection(SolutionConfigurationPlatforms) = preSolution
		Debug|Any CPU = Debug|Any CPU
		Release|Any CPU = Release|Any CPU
	EndGlobalSection
	GlobalSection(ProjectConfigurationPlatforms) = postSolution
		{AD911DEB-055D-42BD-8A89-B05ACA34552A}.Debug|Any CPU.ActiveCfg = Debug|Any CPU
		{AD911DEB-055D-42BD-8A89-B05ACA34552A}.Debug|Any CPU.Build.0 = Debug|Any CPU
		{AD911DEB-055D-42BD-8A89-B05ACA34552A}.Release|Any CPU.ActiveCfg = Release|Any CPU
		{AD911DEB-055D-42BD-8A89-B05ACA34552A}.Release|Any CPU.Build.0 = Release|Any CPU
	EndGlobalSection
	GlobalSection(SolutionProperties) = preSolution
		HideSolutionNode = FALSE
	EndGlobalSection
	GlobalSection(ExtensibilityGlobals) = postSolution
		SolutionGuid = {3DD991C4-C0EF-4C86-8421-1C14A1A17E20}
	EndGlobalSection
EndGlobal
